
Microsoft Visual Studio Solution File, Format Version 12.00
# Visual Studio Version 16
VisualStudioVersion = 16.0.32802.440
MinimumVisualStudioVersion = 10.0.40219.1
Project("{FAE04EC0-301F-11D3-BF4B-00C04F79EFBC}") = "Cars_Dealership_DBProject", "Cars_Dealership_DBProject.csproj", "{4AE1D96B-0636-4BC1-A082-69041D3D90B2}"
EndProject
Global
	GlobalSection(SolutionConfigurationPlatforms) = preSolution
		Debug|Any CPU = Debug|Any CPU
		Release|Any CPU = Release|Any CPU
	EndGlobalSection
	GlobalSection(ProjectConfigurationPlatforms) = postSolution
		{4AE1D96B-0636-4BC1-A082-69041D3D90B2}.Debug|Any CPU.ActiveCfg = Debug|Any CPU
		{4AE1D96B-0636-4BC1-A082-69041D3D90B2}.Debug|Any CPU.Build.0 = Debug|Any CPU
		{4AE1D96B-0636-4BC1-A082-69041D3D90B2}.Release|Any CPU.ActiveCfg = Release|Any CPU
		{4AE1D96B-0636-4BC1-A082-69041D3D90B2}.Release|Any CPU.Build.0 = Release|Any CPU
	EndGlobalSection
	GlobalSection(SolutionProperties) = preSolution
		HideSolutionNode = FALSE
	EndGlobalSection
	GlobalSection(ExtensibilityGlobals) = postSolution
		SolutionGuid = {80C45CEB-A950-4FD5-A9D1-6C66A9295634}
	EndGlobalSection
EndGlobal
